
Microsoft Visual Studio Solution File, Format Version 12.00
# Visual Studio Version 16
VisualStudioVersion = 16.0.31005.135
MinimumVisualStudioVersion = 10.0.40219.1
Project("{FAE04EC0-301F-11D3-BF4B-00C04F79EFBC}") = "ConsoleApp1", "ConsoleApp1\ConsoleApp1.csproj", "{64D9938D-069B-467B-AF36-7CA8F52F4906}"
EndProject
Global
	GlobalSection(SolutionConfigurationPlatforms) = preSolution
		Debug|Any CPU = Debug|Any CPU
		Release|Any CPU = Release|Any CPU
	EndGlobalSection
	GlobalSection(ProjectConfigurationPlatforms) = postSolution
		{64D9938D-069B-467B-AF36-7CA8F52F4906}.Debug|Any CPU.ActiveCfg = Debug|Any CPU
		{64D9938D-069B-467B-AF36-7CA8F52F4906}.Debug|Any CPU.Build.0 = Debug|Any CPU
		{64D9938D-069B-467B-AF36-7CA8F52F4906}.Release|Any CPU.ActiveCfg = Release|Any CPU
		{64D9938D-069B-467B-AF36-7CA8F52F4906}.Release|Any CPU.Build.0 = Release|Any CPU
	EndGlobalSection
	GlobalSection(SolutionProperties) = preSolution
		HideSolutionNode = FALSE
	EndGlobalSection
	GlobalSection(ExtensibilityGlobals) = postSolution
		SolutionGuid = {941D8521-B2EF-4DC1-B855-0A52C33157AE}
	EndGlobalSection
EndGlobal
